
Microsoft Visual Studio Solution File, Format Version 12.00
# Visual Studio Version 17
VisualStudioVersion = 17.4.33213.308
MinimumVisualStudioVersion = 10.0.40219.1
Project("{9A19103F-16F7-4668-BE54-9A1E7A4F7556}") = "EmployeeApiClient", "EmployeApiClient\EmployeeApiClient.csproj", "{1FD4C8CD-341E-4297-B9DF-66D16DAC8950}"
EndProject
Global
	GlobalSection(SolutionConfigurationPlatforms) = preSolution
		Debug|Any CPU = Debug|Any CPU
		Release|Any CPU = Release|Any CPU
	EndGlobalSection
	GlobalSection(ProjectConfigurationPlatforms) = postSolution
		{1FD4C8CD-341E-4297-B9DF-66D16DAC8950}.Debug|Any CPU.ActiveCfg = Debug|Any CPU
		{1FD4C8CD-341E-4297-B9DF-66D16DAC8950}.Debug|Any CPU.Build.0 = Debug|Any CPU
		{1FD4C8CD-341E-4297-B9DF-66D16DAC8950}.Release|Any CPU.ActiveCfg = Release|Any CPU
		{1FD4C8CD-341E-4297-B9DF-66D16DAC8950}.Release|Any CPU.Build.0 = Release|Any CPU
	EndGlobalSection
	GlobalSection(SolutionProperties) = preSolution
		HideSolutionNode = FALSE
	EndGlobalSection
	GlobalSection(ExtensibilityGlobals) = postSolution
		SolutionGuid = {01B63CA6-6227-4F63-AEA1-7AA12FB8EC93}
	EndGlobalSection
EndGlobal
